// !$*UTF8*$!
{
	archiveVersion = 1;
	classes = {
	};
	objectVersion = 46;
	objects = {

/* Begin PBXBuildFile section */
		3395EA8C1CE0F6CB001EE1F2 /* AppDelegate.swift in Sources */ = {isa = PBXBuildFile; fileRef = 3395EA8B1CE0F6CB001EE1F2 /* AppDelegate.swift */; };
		3395EA8E1CE0F6CB001EE1F2 /* ViewController.swift in Sources */ = {isa = PBXBuildFile; fileRef = 3395EA8D1CE0F6CB001EE1F2 /* ViewController.swift */; };
		3395EA911CE0F6CB001EE1F2 /* Main.storyboard in Resources */ = {isa = PBXBuildFile; fileRef = 3395EA8F1CE0F6CB001EE1F2 /* Main.storyboard */; };
		3395EA931CE0F6CB001EE1F2 /* Assets.xcassets in Resources */ = {isa = PBXBuildFile; fileRef = 3395EA921CE0F6CB001EE1F2 /* Assets.xcassets */; };
		3395EA961CE0F6CB001EE1F2 /* LaunchScreen.storyboard in Resources */ = {isa = PBXBuildFile; fileRef = 3395EA941CE0F6CB001EE1F2 /* LaunchScreen.storyboard */; };
		3395EAA11CE0F6CB001EE1F2 /* SuperCoolTests.swift in Sources */ = {isa = PBXBuildFile; fileRef = 3395EAA01CE0F6CB001EE1F2 /* SuperCoolTests.swift */; };
		3395EAAC1CE0F6CB001EE1F2 /* SuperCoolUITests.swift in Sources */ = {isa = PBXBuildFile; fileRef = 3395EAAB1CE0F6CB001EE1F2 /* SuperCoolUITests.swift */; };
/* End PBXBuildFile section */

/* Begin PBXContainerItemProxy section */
		3395EA9D1CE0F6CB001EE1F2 /* PBXContainerItemProxy */ = {
			isa = PBXContainerItemProxy;
			containerPortal = 3395EA801CE0F6CB001EE1F2 /* Project object */;
			proxyType = 1;
			remoteGlobalIDString = 3395EA871CE0F6CB001EE1F2;
			remoteInfo = SuperCool;
		};
		3395EAA81CE0F6CB001EE1F2 /* PBXContainerItemProxy */ = {
			isa = PBXContainerItemProxy;
			containerPortal = 3395EA801CE0F6CB001EE1F2 /* Project object */;
			proxyType = 1;
			remoteGlobalIDString = 3395EA871CE0F6CB001EE1F2;
			remoteInfo = SuperCool;
		};
/* End PBXContainerItemProxy section */

/* Begin PBXFileReference section */
		3395EA881CE0F6CB001EE1F2 /* SuperCool.app */ = {isa = PBXFileReference; explicitFileType = wrapper.application; includeInIndex = 0; path = SuperCool.app; sourceTree = BUILT_PRODUCTS_DIR; };
		3395EA8B1CE0F6CB001EE1F2 /* AppDelegate.swift */ = {isa = PBXFileReference; lastKnownFileType = sourcecode.swift; path = AppDelegate.swift; sourceTree = "<group>"; };
		3395EA8D1CE0F6CB001EE1F2 /* ViewController.swift */ = {isa = PBXFileReference; lastKnownFileType = sourcecode.swift; path = ViewController.swift; sourceTree = "<group>"; };
		3395EA901CE0F6CB001EE1F2 /* Base */ = {isa = PBXFileReference; lastKnownFileType = file.storyboard; name = Base; path = Base.lproj/Main.storyboard; sourceTree = "<group>"; };
		3395EA921CE0F6CB001EE1F2 /* Assets.xcassets */ = {isa = PBXFileReference; lastKnownFileType = folder.assetcatalog; path = Assets.xcassets; sourceTree = "<group>"; };
		3395EA951CE0F6CB001EE1F2 /* Base */ = {isa = PBXFileReference; lastKnownFileType = file.storyboard; name = Base; path = Base.lproj/LaunchScreen.storyboard; sourceTree = "<group>"; };
		3395EA971CE0F6CB001EE1F2 /* Info.plist */ = {isa = PBXFileReference; lastKnownFileType = text.plist.xml; path = Info.plist; sourceTree = "<group>"; };
		3395EA9C1CE0F6CB001EE1F2 /* SuperCoolTests.xctest */ = {isa = PBXFileReference; explicitFileType = wrapper.cfbundle; includeInIndex = 0; path = SuperCoolTests.xctest; sourceTree = BUILT_PRODUCTS_DIR; };
		3395EAA01CE0F6CB001EE1F2 /* SuperCoolTests.swift */ = {isa = PBXFileReference; lastKnownFileType = sourcecode.swift; path = SuperCoolTests.swift; sourceTree = "<group>"; };
		3395EAA21CE0F6CB001EE1F2 /* Info.plist */ = {isa = PBXFileReference; lastKnownFileType = text.plist.xml; path = Info.plist; sourceTree = "<group>"; };
		3395EAA71CE0F6CB001EE1F2 /* SuperCoolUITests.xctest */ = {isa = PBXFileReference; explicitFileType = wrapper.cfbundle; includeInIndex = 0; path = SuperCoolUITests.xctest; sourceTree = BUILT_PRODUCTS_DIR; };
		3395EAAB1CE0F6CB001EE1F2 /* SuperCoolUITests.swift */ = {isa = PBXFileReference; lastKnownFileType = sourcecode.swift; path = SuperCoolUITests.swift; sourceTree = "<group>"; };
		3395EAAD1CE0F6CB001EE1F2 /* Info.plist */ = {isa = PBXFileReference; lastKnownFileType = text.plist.xml; path = Info.plist; sourceTree = "<group>"; };
/* End PBXFileReference section */

/* Begin PBXFrameworksBuildPhase section */
		3395EA851CE0F6CB001EE1F2 /* Frameworks */ = {
			isa = PBXFrameworksBuildPhase;
			buildActionMask = 2147483647;
			files = (
			);
			runOnlyForDeploymentPostprocessing = 0;
		};
		3395EA991CE0F6CB001EE1F2 /* Frameworks */ = {
			isa = PBXFrameworksBuildPhase;
			buildActionMask = 2147483647;
			files = (
			);
			runOnlyForDeploymentPostprocessing = 0;
		};
		3395EAA41CE0F6CB001EE1F2 /* Frameworks */ = {
			isa = PBXFrameworksBuildPhase;
			buildActionMask = 2147483647;
			files = (
			);
			runOnlyForDeploymentPostprocessing = 0;
		};
/* End PBXFrameworksBuildPhase section */

/* Begin PBXGroup section */
		3395EA7F1CE0F6CB001EE1F2 = {
			isa = PBXGroup;
			children = (
				3395EA8A1CE0F6CB001EE1F2 /* SuperCool */,
				3395EA9F1CE0F6CB001EE1F2 /* SuperCoolTests */,
				3395EAAA1CE0F6CB001EE1F2 /* SuperCoolUITests */,
				3395EA891CE0F6CB001EE1F2 /* Products */,
			);
			sourceTree = "<group>";
		};
		3395EA891CE0F6CB001EE1F2 /* Products */ = {
			isa = PBXGroup;
			children = (
				3395EA881CE0F6CB001EE1F2 /* SuperCool.app */,
				3395EA9C1CE0F6CB001EE1F2 /* SuperCoolTests.xctest */,
				3395EAA71CE0F6CB001EE1F2 /* SuperCoolUITests.xctest */,
			);
			name = Products;
			sourceTree = "<group>";
		};
		3395EA8A1CE0F6CB001EE1F2 /* SuperCool */ = {
			isa = PBXGroup;
			children = (
				3395EA8B1CE0F6CB001EE1F2 /* AppDelegate.swift */,
				3395EA8D1CE0F6CB001EE1F2 /* ViewController.swift */,
				3395EA8F1CE0F6CB001EE1F2 /* Main.storyboard */,
				3395EA921CE0F6CB001EE1F2 /* Assets.xcassets */,
				3395EA941CE0F6CB001EE1F2 /* LaunchScreen.storyboard */,
				3395EA971CE0F6CB001EE1F2 /* Info.plist */,
			);
			path = SuperCool;
			sourceTree = "<group>";
		};
		3395EA9F1CE0F6CB001EE1F2 /* SuperCoolTests */ = {
			isa = PBXGroup;
			children = (
				3395EAA01CE0F6CB001EE1F2 /* SuperCoolTests.swift */,
				3395EAA21CE0F6CB001EE1F2 /* Info.plist */,
			);
			path = SuperCoolTests;
			sourceTree = "<group>";
		};
		3395EAAA1CE0F6CB001EE1F2 /* SuperCoolUITests */ = {
			isa = PBXGroup;
			children = (
				3395EAAB1CE0F6CB001EE1F2 /* SuperCoolUITests.swift */,
				3395EAAD1CE0F6CB001EE1F2 /* Info.plist */,
			);
			path = SuperCoolUITests;
			sourceTree = "<group>";
		};
/* End PBXGroup section */

/* Begin PBXNativeTarget section */
		3395EA871CE0F6CB001EE1F2 /* SuperCool */ = {
			isa = PBXNativeTarget;
			buildConfigurationList = 3395EAB01CE0F6CB001EE1F2 /* Build configuration list for PBXNativeTarget "SuperCool" */;
			buildPhases = (
				3395EA841CE0F6CB001EE1F2 /* Sources */,
				3395EA851CE0F6CB001EE1F2 /* Frameworks */,
				3395EA861CE0F6CB001EE1F2 /* Resources */,
			);
			buildRules = (
			);
			dependencies = (
			);
			name = SuperCool;
			productName = SuperCool;
			productReference = 3395EA881CE0F6CB001EE1F2 /* SuperCool.app */;
			productType = "com.apple.product-type.application";
		};
		3395EA9B1CE0F6CB001EE1F2 /* SuperCoolTests */ = {
			isa = PBXNativeTarget;
			buildConfigurationList = 3395EAB31CE0F6CB001EE1F2 /* Build configuration list for PBXNativeTarget "SuperCoolTests" */;
			buildPhases = (
				3395EA981CE0F6CB001EE1F2 /* Sources */,
				3395EA991CE0F6CB001EE1F2 /* Frameworks */,
				3395EA9A1CE0F6CB001EE1F2 /* Resources */,
			);
			buildRules = (
			);
			dependencies = (
				3395EA9E1CE0F6CB001EE1F2 /* PBXTargetDependency */,
			);
			name = SuperCoolTests;
			productName = SuperCoolTests;
			productReference = 3395EA9C1CE0F6CB001EE1F2 /* SuperCoolTests.xctest */;
			productType = "com.apple.product-type.bundle.unit-test";
		};
		3395EAA61CE0F6CB001EE1F2 /* SuperCoolUITests */ = {
			isa = PBXNativeTarget;
			buildConfigurationList = 3395EAB61CE0F6CB001EE1F2 /* Build configuration list for PBXNativeTarget "SuperCoolUITests" */;
			buildPhases = (
				3395EAA31CE0F6CB001EE1F2 /* Sources */,
				3395EAA41CE0F6CB001EE1F2 /* Frameworks */,
				3395EAA51CE0F6CB001EE1F2 /* Resources */,
			);
			buildRules = (
			);
			dependencies = (
				3395EAA91CE0F6CB001EE1F2 /* PBXTargetDependency */,
			);
			name = SuperCoolUITests;
			productName = SuperCoolUITests;
			productReference = 3395EAA71CE0F6CB001EE1F2 /* SuperCoolUITests.xctest */;
			productType = "com.apple.product-type.bundle.ui-testing";
		};
/* End PBXNativeTarget section */

/* Begin PBXProject section */
		3395EA801CE0F6CB001EE1F2 /* Project object */ = {
			isa = PBXProject;
			attributes = {
				LastSwiftUpdateCheck = 0730;
				LastUpgradeCheck = 0730;
				ORGANIZATIONNAME = "Ellen Shin";
				TargetAttributes = {
					3395EA871CE0F6CB001EE1F2 = {
						CreatedOnToolsVersion = 7.3;
					};
					3395EA9B1CE0F6CB001EE1F2 = {
						CreatedOnToolsVersion = 7.3;
						TestTargetID = 3395EA871CE0F6CB001EE1F2;
					};
					3395EAA61CE0F6CB001EE1F2 = {
						CreatedOnToolsVersion = 7.3;
						TestTargetID = 3395EA871CE0F6CB001EE1F2;
					};
				};
			};
			buildConfigurationList = 3395EA831CE0F6CB001EE1F2 /* Build configuration list for PBXProject "SuperCool" */;
			compatibilityVersion = "Xcode 3.2";
			developmentRegion = English;
			hasScannedForEncodings = 0;
			knownRegions = (
				en,
				Base,
			);
			mainGroup = 3395EA7F1CE0F6CB001EE1F2;
			productRefGroup = 3395EA891CE0F6CB001EE1F2 /* Products */;
			projectDirPath = "";
			projectRoot = "";
			targets = (
				3395EA871CE0F6CB001EE1F2 /* SuperCool */,
				3395EA9B1CE0F6CB001EE1F2 /* SuperCoolTests */,
				3395EAA61CE0F6CB001EE1F2 /* SuperCoolUITests */,
			);
		};
/* End PBXProject section */

/* Begin PBXResourcesBuildPhase section */
		3395EA861CE0F6CB001EE1F2 /* Resources */ = {
			isa = PBXResourcesBuildPhase;
			buildActionMask = 2147483647;
			files = (
				3395EA961CE0F6CB001EE1F2 /* LaunchScreen.storyboard in Resources */,
				3395EA931CE0F6CB001EE1F2 /* Assets.xcassets in Resources */,
				3395EA911CE0F6CB001EE1F2 /* Main.storyboard in Resources */,
			);
			runOnlyForDeploymentPostprocessing = 0;
		};
		3395EA9A1CE0F6CB001EE1F2 /* Resources */ = {
			isa = PBXResourcesBuildPhase;
			buildActionMask = 2147483647;
			files = (
			);
			runOnlyForDeploymentPostprocessing = 0;
		};
		3395EAA51CE0F6CB001EE1F2 /* Resources */ = {
			isa = PBXResourcesBuildPhase;
			buildActionMask = 2147483647;
			files = (
			);
			runOnlyForDeploymentPostprocessing = 0;
		};
/* End PBXResourcesBuildPhase section */

/* Begin PBXSourcesBuildPhase section */
		3395EA841CE0F6CB001EE1F2 /* Sources */ = {
			isa = PBXSourcesBuildPhase;
			buildActionMask = 2147483647;
			files = (
				3395EA8E1CE0F6CB001EE1F2 /* ViewController.swift in Sources */,
				3395EA8C1CE0F6CB001EE1F2 /* AppDelegate.swift in Sources */,
			);
			runOnlyForDeploymentPostprocessing = 0;
		};
		3395EA981CE0F6CB001EE1F2 /* Sources */ = {
			isa = PBXSourcesBuildPhase;
			buildActionMask = 2147483647;
			files = (
				3395EAA11CE0F6CB001EE1F2 /* SuperCoolTests.swift in Sources */,
			);
			runOnlyForDeploymentPostprocessing = 0;
		};
		3395EAA31CE0F6CB001EE1F2 /* Sources */ = {
			isa = PBXSourcesBuildPhase;
			buildActionMask = 2147483647;
			files = (
				3395EAAC1CE0F6CB001EE1F2 /* SuperCoolUITests.swift in Sources */,
			);
			runOnlyForDeploymentPostprocessing = 0;
		};
/* End PBXSourcesBuildPhase section */

/* Begin PBXTargetDependency section */
		3395EA9E1CE0F6CB001EE1F2 /* PBXTargetDependency */ = {
			isa = PBXTargetDependency;
			target = 3395EA871CE0F6CB001EE1F2 /* SuperCool */;
			targetProxy = 3395EA9D1CE0F6CB001EE1F2 /* PBXContainerItemProxy */;
		};
		3395EAA91CE0F6CB001EE1F2 /* PBXTargetDependency */ = {
			isa = PBXTargetDependency;
			target = 3395EA871CE0F6CB001EE1F2 /* SuperCool */;
			targetProxy = 3395EAA81CE0F6CB001EE1F2 /* PBXContainerItemProxy */;
		};
/* End PBXTargetDependency section */

/* Begin PBXVariantGroup section */
		3395EA8F1CE0F6CB001EE1F2 /* Main.storyboard */ = {
			isa = PBXVariantGroup;
			children = (
				3395EA901CE0F6CB001EE1F2 /* Base */,
			);
			name = Main.storyboard;
			sourceTree = "<group>";
		};
		3395EA941CE0F6CB001EE1F2 /* LaunchScreen.storyboard */ = {
			isa = PBXVariantGroup;
			children = (
				3395EA951CE0F6CB001EE1F2 /* Base */,
			);
			name = LaunchScreen.storyboard;
			sourceTree = "<group>";
		};
/* End PBXVariantGroup section */

/* Begin XCBuildConfiguration section */
		3395EAAE1CE0F6CB001EE1F2 /* Debug */ = {
			isa = XCBuildConfiguration;
			buildSettings = {
				ALWAYS_SEARCH_USER_PATHS = NO;
				CLANG_ANALYZER_NONNULL = YES;
				CLANG_CXX_LANGUAGE_STANDARD = "gnu++0x";
				CLANG_CXX_LIBRARY = "libc++";
				CLANG_ENABLE_MODULES = YES;
				CLANG_ENABLE_OBJC_ARC = YES;
				CLANG_WARN_BOOL_CONVERSION = YES;
				CLANG_WARN_CONSTANT_CONVERSION = YES;
				CLANG_WARN_DIRECT_OBJC_ISA_USAGE = YES_ERROR;
				CLANG_WARN_EMPTY_BODY = YES;
				CLANG_WARN_ENUM_CONVERSION = YES;
				CLANG_WARN_INT_CONVERSION = YES;
				CLANG_WARN_OBJC_ROOT_CLASS = YES_ERROR;
				CLANG_WARN_UNREACHABLE_CODE = YES;
				CLANG_WARN__DUPLICATE_METHOD_MATCH = YES;
				"CODE_SIGN_IDENTITY[sdk=iphoneos*]" = "iPhone Developer";
				COPY_PHASE_STRIP = NO;
				DEBUG_INFORMATION_FORMAT = dwarf;
				ENABLE_STRICT_OBJC_MSGSEND = YES;
				ENABLE_TESTABILITY = YES;
				GCC_C_LANGUAGE_STANDARD = gnu99;
				GCC_DYNAMIC_NO_PIC = NO;
				GCC_NO_COMMON_BLOCKS = YES;
				GCC_OPTIMIZATION_LEVEL = 0;
				GCC_PREPROCESSOR_DEFINITIONS = (
					"DEBUG=1",
					"$(inherited)",
				);
				GCC_WARN_64_TO_32_BIT_CONVERSION = YES;
				GCC_WARN_ABOUT_RETURN_TYPE = YES_ERROR;
				GCC_WARN_UNDECLARED_SELECTOR = YES;
				GCC_WARN_UNINITIALIZED_AUTOS = YES_AGGRESSIVE;
				GCC_WARN_UNUSED_FUNCTION = YES;
				GCC_WARN_UNUSED_VARIABLE = YES;
				IPHONEOS_DEPLOYMENT_TARGET = 9.3;
				MTL_ENABLE_DEBUG_INFO = YES;
				ONLY_ACTIVE_ARCH = YES;
				SDKROOT = iphoneos;
				SWIFT_OPTIMIZATION_LEVEL = "-Onone";
			};
			name = Debug;
		};
		3395EAAF1CE0F6CB001EE1F2 /* Release */ = {
			isa = XCBuildConfiguration;
			buildSettings = {
				ALWAYS_SEARCH_USER_PATHS = NO;
				CLANG_ANALYZER_NONNULL = YES;
				CLANG_CXX_LANGUAGE_STANDARD = "gnu++0x";
				CLANG_CXX_LIBRARY = "libc++";
				CLANG_ENABLE_MODULES = YES;
				CLANG_ENABLE_OBJC_ARC = YES;
				CLANG_WARN_BOOL_CONVERSION = YES;
				CLANG_WARN_CONSTANT_CONVERSION = YES;
				CLANG_WARN_DIRECT_OBJC_ISA_USAGE = YES_ERROR;
				CLANG_WARN_EMPTY_BODY = YES;
				CLANG_WARN_ENUM_CONVERSION = YES;
				CLANG_WARN_INT_CONVERSION = YES;
				CLANG_WARN_OBJC_ROOT_CLASS = YES_ERROR;
				CLANG_WARN_UNREACHABLE_CODE = YES;
				CLANG_WARN__DUPLICATE_METHOD_MATCH = YES;
				"CODE_SIGN_IDENTITY[sdk=iphoneos*]" = "iPhone Developer";
				COPY_PHASE_STRIP = NO;
				DEBUG_INFORMATION_FORMAT = "dwarf-with-dsym";
				ENABLE_NS_ASSERTIONS = NO;
				ENABLE_STRICT_OBJC_MSGSEND = YES;
				GCC_C_LANGUAGE_STANDARD = gnu99;
				GCC_NO_COMMON_BLOCKS = YES;
				GCC_WARN_64_TO_32_BIT_CONVERSION = YES;
				GCC_WARN_ABOUT_RETURN_TYPE = YES_ERROR;
				GCC_WARN_UNDECLARED_SELECTOR = YES;
				GCC_WARN_UNINITIALIZED_AUTOS = YES_AGGRESSIVE;
				GCC_WARN_UNUSED_FUNCTION = YES;
				GCC_WARN_UNUSED_VARIABLE = YES;
				IPHONEOS_DEPLOYMENT_TARGET = 9.3;
				MTL_ENABLE_DEBUG_INFO = NO;
				SDKROOT = iphoneos;
				VALIDATE_PRODUCT = YES;
			};
			name = Release;
		};
		3395EAB11CE0F6CB001EE1F2 /* Debug */ = {
			isa = XCBuildConfiguration;
			buildSettings = {
				ASSETCATALOG_COMPILER_APPICON_NAME = AppIcon;
				INFOPLIST_FILE = SuperCool/Info.plist;
				LD_RUNPATH_SEARCH_PATHS = "$(inherited) @executable_path/Frameworks";
				PRODUCT_BUNDLE_IDENTIFIER = com.ellenshin.SuperCool;
				PRODUCT_NAME = "$(TARGET_NAME)";
			};
			name = Debug;
		};
		3395EAB21CE0F6CB001EE1F2 /* Release */ = {
			isa = XCBuildConfiguration;
			buildSettings = {
				ASSETCATALOG_COMPILER_APPICON_NAME = AppIcon;
				INFOPLIST_FILE = SuperCool/Info.plist;
				LD_RUNPATH_SEARCH_PATHS = "$(inherited) @executable_path/Frameworks";
				PRODUCT_BUNDLE_IDENTIFIER = com.ellenshin.SuperCool;
				PRODUCT_NAME = "$(TARGET_NAME)";
			};
			name = Release;
		};
		3395EAB41CE0F6CB001EE1F2 /* Debug */ = {
			isa = XCBuildConfiguration;
			buildSettings = {
				BUNDLE_LOADER = "$(TEST_HOST)";
				INFOPLIST_FILE = SuperCoolTests/Info.plist;
				LD_RUNPATH_SEARCH_PATHS = "$(inherited) @executable_path/Frameworks @loader_path/Frameworks";
				PRODUCT_BUNDLE_IDENTIFIER = com.ellenshin.SuperCoolTests;
				PRODUCT_NAME = "$(TARGET_NAME)";
				TEST_HOST = "$(BUILT_PRODUCTS_DIR)/SuperCool.app/SuperCool";
			};
			name = Debug;
		};
		3395EAB51CE0F6CB001EE1F2 /* Release */ = {
			isa = XCBuildConfiguration;
			buildSettings = {
				BUNDLE_LOADER = "$(TEST_HOST)";
				INFOPLIST_FILE = SuperCoolTests/Info.plist;
				LD_RUNPATH_SEARCH_PATHS = "$(inherited) @executable_path/Frameworks @loader_path/Frameworks";
				PRODUCT_BUNDLE_IDENTIFIER = com.ellenshin.SuperCoolTests;
				PRODUCT_NAME = "$(TARGET_NAME)";
				TEST_HOST = "$(BUILT_PRODUCTS_DIR)/SuperCool.app/SuperCool";
			};
			name = Release;
		};
		3395EAB71CE0F6CB001EE1F2 /* Debug */ = {
			isa = XCBuildConfiguration;
			buildSettings = {
				INFOPLIST_FILE = SuperCoolUITests/Info.plist;
				LD_RUNPATH_SEARCH_PATHS = "$(inherited) @executable_path/Frameworks @loader_path/Frameworks";
				PRODUCT_BUNDLE_IDENTIFIER = com.ellenshin.SuperCoolUITests;
				PRODUCT_NAME = "$(TARGET_NAME)";
				TEST_TARGET_NAME = SuperCool;
			};
			name = Debug;
		};
		3395EAB81CE0F6CB001EE1F2 /* Release */ = {
			isa = XCBuildConfiguration;
			buildSettings = {
				INFOPLIST_FILE = SuperCoolUITests/Info.plist;
				LD_RUNPATH_SEARCH_PATHS = "$(inherited) @executable_path/Frameworks @loader_path/Frameworks";
				PRODUCT_BUNDLE_IDENTIFIER = com.ellenshin.SuperCoolUITests;
				PRODUCT_NAME = "$(TARGET_NAME)";
				TEST_TARGET_NAME = SuperCool;
			};
			name = Release;
		};
/* End XCBuildConfiguration section */

/* Begin XCConfigurationList section */
		3395EA831CE0F6CB001EE1F2 /* Build configuration list for PBXProject "SuperCool" */ = {
			isa = XCConfigurationList;
			buildConfigurations = (
				3395EAAE1CE0F6CB001EE1F2 /* Debug */,
				3395EAAF1CE0F6CB001EE1F2 /* Release */,
			);
			defaultConfigurationIsVisible = 0;
			defaultConfigurationName = Release;
		};
		3395EAB01CE0F6CB001EE1F2 /* Build configuration list for PBXNativeTarget "SuperCool" */ = {
			isa = XCConfigurationList;
			buildConfigurations = (
				3395EAB11CE0F6CB001EE1F2 /* Debug */,
				3395EAB21CE0F6CB001EE1F2 /* Release */,
			);
			defaultConfigurationIsVisible = 0;
		};
		3395EAB31CE0F6CB001EE1F2 /* Build configuration list for PBXNativeTarget "SuperCoolTests" */ = {
			isa = XCConfigurationList;
			buildConfigurations = (
				3395EAB41CE0F6CB001EE1F2 /* Debug */,
				3395EAB51CE0F6CB001EE1F2 /* Release */,
			);
			defaultConfigurationIsVisible = 0;
		};
		3395EAB61CE0F6CB001EE1F2 /* Build configuration list for PBXNativeTarget "SuperCoolUITests" */ = {
			isa = XCConfigurationList;
			buildConfigurations = (
				3395EAB71CE0F6CB001EE1F2 /* Debug */,
				3395EAB81CE0F6CB001EE1F2 /* Release */,
			);
			defaultConfigurationIsVisible = 0;
		};
/* End XCConfigurationList section */
	};
	rootObject = 3395EA801CE0F6CB001EE1F2 /* Project object */;
}
